{
  "name": "chess-eval-tuner",
  "version": "1.0.0",
  "lockfileVersion": 3,
  "requires": true,
  "packages": {
    "": {
      "name": "chess-eval-tuner",
      "version": "1.0.0",
      "license": "ISC",
      "dependencies": {
        "hyparquet": "^1.31.1"
      }
    },
    "node_modules/hyparquet": {
      "version": "1.31.1",
      "resolved": "https://registry.npmmirror.com/hyparquet/-/hyparquet-1.31.1.tgz",
      "integrity": "sha512-tF9580Xb+41+Eb+mH0av1k7m1PWl+PSKrX66Yd7UOZ760cwEXP9/enwHRMSCeVncaubRI8XPb3v580/ujYKK5w==",
      "license": "MIT"
    }
  }
}
